// !$*UTF8*$!
{
	archiveVersion = 1;
	classes = {
	};
	objectVersion = 46;
	objects = {

/* Begin PBXBuildFile section */
		F72409E11BF6C17000C09AAA /* Bill1.aif in Resources */ = {isa = PBXBuildFile; fileRef = F72409D41BF6B63B00C09AAA /* Bill1.aif */; };
		F72409E21BF6C17000C09AAA /* Bill2.aif in Resources */ = {isa = PBXBuildFile; fileRef = F72409D51BF6B63B00C09AAA /* Bill2.aif */; };
		F72409E31BF6C17000C09AAA /* Bobby1.aif in Resources */ = {isa = PBXBuildFile; fileRef = F72409D61BF6B63B00C09AAA /* Bobby1.aif */; };
		F72409E41BF6C17000C09AAA /* Bobby2.aif in Resources */ = {isa = PBXBuildFile; fileRef = F72409D71BF6B63B00C09AAA /* Bobby2.aif */; };
		F72409E51BF6C17000C09AAA /* Boomhauer1.aif in Resources */ = {isa = PBXBuildFile; fileRef = F72409D81BF6B63B00C09AAA /* Boomhauer1.aif */; };
		F72409E61BF6C17000C09AAA /* Boomhauer2.aif in Resources */ = {isa = PBXBuildFile; fileRef = F72409D91BF6B63B00C09AAA /* Boomhauer2.aif */; };
		F72409E71BF6C17000C09AAA /* Dale1.aif in Resources */ = {isa = PBXBuildFile; fileRef = F72409DA1BF6B63B00C09AAA /* Dale1.aif */; };
		F72409E81BF6C17000C09AAA /* Dale2.aif in Resources */ = {isa = PBXBuildFile; fileRef = F72409DB1BF6B63B00C09AAA /* Dale2.aif */; };
		F72409E91BF6C17000C09AAA /* Hank1.aif in Resources */ = {isa = PBXBuildFile; fileRef = F72409DC1BF6B63B00C09AAA /* Hank1.aif */; };
		F72409EA1BF6C17000C09AAA /* Hank2.aif in Resources */ = {isa = PBXBuildFile; fileRef = F72409DD1BF6B63B00C09AAA /* Hank2.aif */; };
		F72409EB1BF6C17000C09AAA /* Peggy1.aif in Resources */ = {isa = PBXBuildFile; fileRef = F72409DE1BF6B63B00C09AAA /* Peggy1.aif */; };
		F72409EC1BF6C17000C09AAA /* Peggy2.aif in Resources */ = {isa = PBXBuildFile; fileRef = F72409DF1BF6B63B00C09AAA /* Peggy2.aif */; };
		F73040A41BF60E3E00961BD4 /* SecondViewController.swift in Sources */ = {isa = PBXBuildFile; fileRef = F73040A31BF60E3E00961BD4 /* SecondViewController.swift */; };
		F73040E21BF61CB400961BD4 /* Main.storyboard in Resources */ = {isa = PBXBuildFile; fileRef = F73040E11BF61CB400961BD4 /* Main.storyboard */; };
		F7355AE31BF0F214008FE1F8 /* AppDelegate.swift in Sources */ = {isa = PBXBuildFile; fileRef = F7355AE21BF0F214008FE1F8 /* AppDelegate.swift */; };
		F7355AE51BF0F214008FE1F8 /* ViewController.swift in Sources */ = {isa = PBXBuildFile; fileRef = F7355AE41BF0F214008FE1F8 /* ViewController.swift */; };
		F7355AEA1BF0F214008FE1F8 /* Assets.xcassets in Resources */ = {isa = PBXBuildFile; fileRef = F7355AE91BF0F214008FE1F8 /* Assets.xcassets */; };
		F7355AED1BF0F214008FE1F8 /* LaunchScreen.storyboard in Resources */ = {isa = PBXBuildFile; fileRef = F7355AEB1BF0F214008FE1F8 /* LaunchScreen.storyboard */; };
		F7355AF81BF0F214008FE1F8 /* KOTHTests.swift in Sources */ = {isa = PBXBuildFile; fileRef = F7355AF71BF0F214008FE1F8 /* KOTHTests.swift */; };
		F7355B031BF0F214008FE1F8 /* KOTHUITests.swift in Sources */ = {isa = PBXBuildFile; fileRef = F7355B021BF0F214008FE1F8 /* KOTHUITests.swift */; };
		F7355B121BF0F5A3008FE1F8 /* Bobby.png in Resources */ = {isa = PBXBuildFile; fileRef = F7355B101BF0F5A3008FE1F8 /* Bobby.png */; };
		F7355B131BF0F5A3008FE1F8 /* Hank.png in Resources */ = {isa = PBXBuildFile; fileRef = F7355B111BF0F5A3008FE1F8 /* Hank.png */; };
		F7355B171BF0F657008FE1F8 /* Bill.jpg in Resources */ = {isa = PBXBuildFile; fileRef = F7355B151BF0F657008FE1F8 /* Bill.jpg */; };
		F7355B181BF0F657008FE1F8 /* Cotton.jpg in Resources */ = {isa = PBXBuildFile; fileRef = F7355B161BF0F657008FE1F8 /* Cotton.jpg */; };
		F74476811BF6A83B00CA86DF /* Dale.jpg in Resources */ = {isa = PBXBuildFile; fileRef = F74476801BF6A83B00CA86DF /* Dale.jpg */; };
		F7BBB43A1BF4EB750080F081 /* background.jpg in Resources */ = {isa = PBXBuildFile; fileRef = F7BBB4391BF4EB740080F081 /* background.jpg */; };
		F7BBB43C1BF4EF660080F081 /* Logo.jpg in Resources */ = {isa = PBXBuildFile; fileRef = F7BBB43B1BF4EF660080F081 /* Logo.jpg */; };
		F7BBB4401BF4F3830080F081 /* King Of The Hill 2.ttf in Resources */ = {isa = PBXBuildFile; fileRef = F7BBB43D1BF4F07A0080F081 /* King Of The Hill 2.ttf */; };
		F7BBB4411BF4F3850080F081 /* King Of The Hill.ttf in Resources */ = {isa = PBXBuildFile; fileRef = F7BBB43E1BF4F07A0080F081 /* King Of The Hill.ttf */; };
		F7BBB4431BF4F5170080F081 /* Peggy.jpg in Resources */ = {isa = PBXBuildFile; fileRef = F7BBB4421BF4F5170080F081 /* Peggy.jpg */; };
		F7BBB4461BF4F6050080F081 /* Boomhauer.jpg in Resources */ = {isa = PBXBuildFile; fileRef = F7BBB4441BF4F6050080F081 /* Boomhauer.jpg */; };
/* End PBXBuildFile section */

/* Begin PBXContainerItemProxy section */
		F7355AF41BF0F214008FE1F8 /* PBXContainerItemProxy */ = {
			isa = PBXContainerItemProxy;
			containerPortal = F7355AD71BF0F213008FE1F8 /* Project object */;
			proxyType = 1;
			remoteGlobalIDString = F7355ADE1BF0F214008FE1F8;
			remoteInfo = KOTH;
		};
		F7355AFF1BF0F214008FE1F8 /* PBXContainerItemProxy */ = {
			isa = PBXContainerItemProxy;
			containerPortal = F7355AD71BF0F213008FE1F8 /* Project object */;
			proxyType = 1;
			remoteGlobalIDString = F7355ADE1BF0F214008FE1F8;
			remoteInfo = KOTH;
		};
/* End PBXContainerItemProxy section */

/* Begin PBXFileReference section */
		F72409D41BF6B63B00C09AAA /* Bill1.aif */ = {isa = PBXFileReference; lastKnownFileType = file; path = Bill1.aif; sourceTree = "<group>"; };
		F72409D51BF6B63B00C09AAA /* Bill2.aif */ = {isa = PBXFileReference; lastKnownFileType = file; path = Bill2.aif; sourceTree = "<group>"; };
		F72409D61BF6B63B00C09AAA /* Bobby1.aif */ = {isa = PBXFileReference; lastKnownFileType = file; path = Bobby1.aif; sourceTree = "<group>"; };
		F72409D71BF6B63B00C09AAA /* Bobby2.aif */ = {isa = PBXFileReference; lastKnownFileType = file; path = Bobby2.aif; sourceTree = "<group>"; };
		F72409D81BF6B63B00C09AAA /* Boomhauer1.aif */ = {isa = PBXFileReference; lastKnownFileType = file; path = Boomhauer1.aif; sourceTree = "<group>"; };
		F72409D91BF6B63B00C09AAA /* Boomhauer2.aif */ = {isa = PBXFileReference; lastKnownFileType = file; path = Boomhauer2.aif; sourceTree = "<group>"; };
		F72409DA1BF6B63B00C09AAA /* Dale1.aif */ = {isa = PBXFileReference; lastKnownFileType = file; path = Dale1.aif; sourceTree = "<group>"; };
		F72409DB1BF6B63B00C09AAA /* Dale2.aif */ = {isa = PBXFileReference; lastKnownFileType = file; path = Dale2.aif; sourceTree = "<group>"; };
		F72409DC1BF6B63B00C09AAA /* Hank1.aif */ = {isa = PBXFileReference; lastKnownFileType = file; path = Hank1.aif; sourceTree = "<group>"; };
		F72409DD1BF6B63B00C09AAA /* Hank2.aif */ = {isa = PBXFileReference; lastKnownFileType = file; path = Hank2.aif; sourceTree = "<group>"; };
		F72409DE1BF6B63B00C09AAA /* Peggy1.aif */ = {isa = PBXFileReference; lastKnownFileType = file; path = Peggy1.aif; sourceTree = "<group>"; };
		F72409DF1BF6B63B00C09AAA /* Peggy2.aif */ = {isa = PBXFileReference; lastKnownFileType = file; path = Peggy2.aif; sourceTree = "<group>"; };
		F73040A31BF60E3E00961BD4 /* SecondViewController.swift */ = {isa = PBXFileReference; fileEncoding = 4; lastKnownFileType = sourcecode.swift; path = SecondViewController.swift; sourceTree = "<group>"; };
		F73040E11BF61CB400961BD4 /* Main.storyboard */ = {isa = PBXFileReference; fileEncoding = 4; lastKnownFileType = file.storyboard; path = Main.storyboard; sourceTree = "<group>"; };
		F7355ADF1BF0F214008FE1F8 /* KOTH.app */ = {isa = PBXFileReference; explicitFileType = wrapper.application; includeInIndex = 0; path = KOTH.app; sourceTree = BUILT_PRODUCTS_DIR; };
		F7355AE21BF0F214008FE1F8 /* AppDelegate.swift */ = {isa = PBXFileReference; lastKnownFileType = sourcecode.swift; path = AppDelegate.swift; sourceTree = "<group>"; };
		F7355AE41BF0F214008FE1F8 /* ViewController.swift */ = {isa = PBXFileReference; lastKnownFileType = sourcecode.swift; path = ViewController.swift; sourceTree = "<group>"; };
		F7355AE91BF0F214008FE1F8 /* Assets.xcassets */ = {isa = PBXFileReference; lastKnownFileType = folder.assetcatalog; path = Assets.xcassets; sourceTree = "<group>"; };
		F7355AEC1BF0F214008FE1F8 /* Base */ = {isa = PBXFileReference; lastKnownFileType = file.storyboard; name = Base; path = Base.lproj/LaunchScreen.storyboard; sourceTree = "<group>"; };
		F7355AEE1BF0F214008FE1F8 /* Info.plist */ = {isa = PBXFileReference; lastKnownFileType = text.plist.xml; path = Info.plist; sourceTree = "<group>"; };
		F7355AF31BF0F214008FE1F8 /* KOTHTests.xctest */ = {isa = PBXFileReference; explicitFileType = wrapper.cfbundle; includeInIndex = 0; path = KOTHTests.xctest; sourceTree = BUILT_PRODUCTS_DIR; };
		F7355AF71BF0F214008FE1F8 /* KOTHTests.swift */ = {isa = PBXFileReference; lastKnownFileType = sourcecode.swift; path = KOTHTests.swift; sourceTree = "<group>"; };
		F7355AF91BF0F214008FE1F8 /* Info.plist */ = {isa = PBXFileReference; lastKnownFileType = text.plist.xml; path = Info.plist; sourceTree = "<group>"; };
		F7355AFE1BF0F214008FE1F8 /* KOTHUITests.xctest */ = {isa = PBXFileReference; explicitFileType = wrapper.cfbundle; includeInIndex = 0; path = KOTHUITests.xctest; sourceTree = BUILT_PRODUCTS_DIR; };
		F7355B021BF0F214008FE1F8 /* KOTHUITests.swift */ = {isa = PBXFileReference; lastKnownFileType = sourcecode.swift; path = KOTHUITests.swift; sourceTree = "<group>"; };
		F7355B041BF0F214008FE1F8 /* Info.plist */ = {isa = PBXFileReference; lastKnownFileType = text.plist.xml; path = Info.plist; sourceTree = "<group>"; };
		F7355B101BF0F5A3008FE1F8 /* Bobby.png */ = {isa = PBXFileReference; lastKnownFileType = image.png; path = Bobby.png; sourceTree = "<group>"; };
		F7355B111BF0F5A3008FE1F8 /* Hank.png */ = {isa = PBXFileReference; lastKnownFileType = image.png; path = Hank.png; sourceTree = "<group>"; };
		F7355B151BF0F657008FE1F8 /* Bill.jpg */ = {isa = PBXFileReference; lastKnownFileType = image.jpeg; path = Bill.jpg; sourceTree = "<group>"; };
		F7355B161BF0F657008FE1F8 /* Cotton.jpg */ = {isa = PBXFileReference; lastKnownFileType = image.jpeg; path = Cotton.jpg; sourceTree = "<group>"; };
		F74476801BF6A83B00CA86DF /* Dale.jpg */ = {isa = PBXFileReference; lastKnownFileType = image.jpeg; path = Dale.jpg; sourceTree = "<group>"; };
		F7BBB4391BF4EB740080F081 /* background.jpg */ = {isa = PBXFileReference; lastKnownFileType = image.jpeg; path = background.jpg; sourceTree = "<group>"; };
		F7BBB43B1BF4EF660080F081 /* Logo.jpg */ = {isa = PBXFileReference; lastKnownFileType = image.jpeg; path = Logo.jpg; sourceTree = "<group>"; };
		F7BBB43D1BF4F07A0080F081 /* King Of The Hill 2.ttf */ = {isa = PBXFileReference; lastKnownFileType = file; path = "King Of The Hill 2.ttf"; sourceTree = "<group>"; };
		F7BBB43E1BF4F07A0080F081 /* King Of The Hill.ttf */ = {isa = PBXFileReference; lastKnownFileType = file; path = "King Of The Hill.ttf"; sourceTree = "<group>"; };
		F7BBB4421BF4F5170080F081 /* Peggy.jpg */ = {isa = PBXFileReference; lastKnownFileType = image.jpeg; path = Peggy.jpg; sourceTree = "<group>"; };
		F7BBB4441BF4F6050080F081 /* Boomhauer.jpg */ = {isa = PBXFileReference; lastKnownFileType = image.jpeg; path = Boomhauer.jpg; sourceTree = "<group>"; };
/* End PBXFileReference section */

/* Begin PBXFrameworksBuildPhase section */
		F7355ADC1BF0F214008FE1F8 /* Frameworks */ = {
			isa = PBXFrameworksBuildPhase;
			buildActionMask = 2147483647;
			files = (
			);
			runOnlyForDeploymentPostprocessing = 0;
		};
		F7355AF01BF0F214008FE1F8 /* Frameworks */ = {
			isa = PBXFrameworksBuildPhase;
			buildActionMask = 2147483647;
			files = (
			);
			runOnlyForDeploymentPostprocessing = 0;
		};
		F7355AFB1BF0F214008FE1F8 /* Frameworks */ = {
			isa = PBXFrameworksBuildPhase;
			buildActionMask = 2147483647;
			files = (
			);
			runOnlyForDeploymentPostprocessing = 0;
		};
/* End PBXFrameworksBuildPhase section */

/* Begin PBXGroup section */
		F72409E01BF6B64C00C09AAA /* Sounds */ = {
			isa = PBXGroup;
			children = (
				F72409D41BF6B63B00C09AAA /* Bill1.aif */,
				F72409D51BF6B63B00C09AAA /* Bill2.aif */,
				F72409D61BF6B63B00C09AAA /* Bobby1.aif */,
				F72409D71BF6B63B00C09AAA /* Bobby2.aif */,
				F72409D81BF6B63B00C09AAA /* Boomhauer1.aif */,
				F72409D91BF6B63B00C09AAA /* Boomhauer2.aif */,
				F72409DA1BF6B63B00C09AAA /* Dale1.aif */,
				F72409DB1BF6B63B00C09AAA /* Dale2.aif */,
				F72409DC1BF6B63B00C09AAA /* Hank1.aif */,
				F72409DD1BF6B63B00C09AAA /* Hank2.aif */,
				F72409DE1BF6B63B00C09AAA /* Peggy1.aif */,
				F72409DF1BF6B63B00C09AAA /* Peggy2.aif */,
			);
			name = Sounds;
			sourceTree = "<group>";
		};
		F7355AD61BF0F213008FE1F8 = {
			isa = PBXGroup;
			children = (
				F7355AE11BF0F214008FE1F8 /* KOTH */,
				F7355AF61BF0F214008FE1F8 /* KOTHTests */,
				F7355B011BF0F214008FE1F8 /* KOTHUITests */,
				F7355AE01BF0F214008FE1F8 /* Products */,
				F7BBB43F1BF4F0850080F081 /* Fonts */,
				F72409E01BF6B64C00C09AAA /* Sounds */,
				F7355B141BF0F5AB008FE1F8 /* Images */,
			);
			sourceTree = "<group>";
		};
		F7355AE01BF0F214008FE1F8 /* Products */ = {
			isa = PBXGroup;
			children = (
				F7355ADF1BF0F214008FE1F8 /* KOTH.app */,
				F7355AF31BF0F214008FE1F8 /* KOTHTests.xctest */,
				F7355AFE1BF0F214008FE1F8 /* KOTHUITests.xctest */,
			);
			name = Products;
			sourceTree = "<group>";
		};
		F7355AE11BF0F214008FE1F8 /* KOTH */ = {
			isa = PBXGroup;
			children = (
				F7355AE21BF0F214008FE1F8 /* AppDelegate.swift */,
				F7355AE41BF0F214008FE1F8 /* ViewController.swift */,
				F73040A31BF60E3E00961BD4 /* SecondViewController.swift */,
				F7355AE91BF0F214008FE1F8 /* Assets.xcassets */,
				F7355AEB1BF0F214008FE1F8 /* LaunchScreen.storyboard */,
				F73040E11BF61CB400961BD4 /* Main.storyboard */,
				F7355AEE1BF0F214008FE1F8 /* Info.plist */,
			);
			path = KOTH;
			sourceTree = "<group>";
		};
		F7355AF61BF0F214008FE1F8 /* KOTHTests */ = {
			isa = PBXGroup;
			children = (
				F7355AF71BF0F214008FE1F8 /* KOTHTests.swift */,
				F7355AF91BF0F214008FE1F8 /* Info.plist */,
			);
			path = KOTHTests;
			sourceTree = "<group>";
		};
		F7355B011BF0F214008FE1F8 /* KOTHUITests */ = {
			isa = PBXGroup;
			children = (
				F7355B021BF0F214008FE1F8 /* KOTHUITests.swift */,
				F7355B041BF0F214008FE1F8 /* Info.plist */,
			);
			path = KOTHUITests;
			sourceTree = "<group>";
		};
		F7355B141BF0F5AB008FE1F8 /* Images */ = {
			isa = PBXGroup;
			children = (
				F7355B101BF0F5A3008FE1F8 /* Bobby.png */,
				F7355B111BF0F5A3008FE1F8 /* Hank.png */,
				F7355B151BF0F657008FE1F8 /* Bill.jpg */,
				F7BBB4441BF4F6050080F081 /* Boomhauer.jpg */,
				F7355B161BF0F657008FE1F8 /* Cotton.jpg */,
				F7BBB4421BF4F5170080F081 /* Peggy.jpg */,
				F7BBB4391BF4EB740080F081 /* background.jpg */,
				F7BBB43B1BF4EF660080F081 /* Logo.jpg */,
				F74476801BF6A83B00CA86DF /* Dale.jpg */,
			);
			name = Images;
			sourceTree = "<group>";
		};
		F7BBB43F1BF4F0850080F081 /* Fonts */ = {
			isa = PBXGroup;
			children = (
				F7BBB43D1BF4F07A0080F081 /* King Of The Hill 2.ttf */,
				F7BBB43E1BF4F07A0080F081 /* King Of The Hill.ttf */,
			);
			name = Fonts;
			sourceTree = "<group>";
		};
/* End PBXGroup section */

/* Begin PBXNativeTarget section */
		F7355ADE1BF0F214008FE1F8 /* KOTH */ = {
			isa = PBXNativeTarget;
			buildConfigurationList = F7355B071BF0F214008FE1F8 /* Build configuration list for PBXNativeTarget "KOTH" */;
			buildPhases = (
				F7355ADB1BF0F214008FE1F8 /* Sources */,
				F7355ADC1BF0F214008FE1F8 /* Frameworks */,
				F7355ADD1BF0F214008FE1F8 /* Resources */,
			);
			buildRules = (
			);
			dependencies = (
			);
			name = KOTH;
			productName = KOTH;
			productReference = F7355ADF1BF0F214008FE1F8 /* KOTH.app */;
			productType = "com.apple.product-type.application";
		};
		F7355AF21BF0F214008FE1F8 /* KOTHTests */ = {
			isa = PBXNativeTarget;
			buildConfigurationList = F7355B0A1BF0F214008FE1F8 /* Build configuration list for PBXNativeTarget "KOTHTests" */;
			buildPhases = (
				F7355AEF1BF0F214008FE1F8 /* Sources */,
				F7355AF01BF0F214008FE1F8 /* Frameworks */,
				F7355AF11BF0F214008FE1F8 /* Resources */,
			);
			buildRules = (
			);
			dependencies = (
				F7355AF51BF0F214008FE1F8 /* PBXTargetDependency */,
			);
			name = KOTHTests;
			productName = KOTHTests;
			productReference = F7355AF31BF0F214008FE1F8 /* KOTHTests.xctest */;
			productType = "com.apple.product-type.bundle.unit-test";
		};
		F7355AFD1BF0F214008FE1F8 /* KOTHUITests */ = {
			isa = PBXNativeTarget;
			buildConfigurationList = F7355B0D1BF0F214008FE1F8 /* Build configuration list for PBXNativeTarget "KOTHUITests" */;
			buildPhases = (
				F7355AFA1BF0F214008FE1F8 /* Sources */,
				F7355AFB1BF0F214008FE1F8 /* Frameworks */,
				F7355AFC1BF0F214008FE1F8 /* Resources */,
			);
			buildRules = (
			);
			dependencies = (
				F7355B001BF0F214008FE1F8 /* PBXTargetDependency */,
			);
			name = KOTHUITests;
			productName = KOTHUITests;
			productReference = F7355AFE1BF0F214008FE1F8 /* KOTHUITests.xctest */;
			productType = "com.apple.product-type.bundle.ui-testing";
		};
/* End PBXNativeTarget section */

/* Begin PBXProject section */
		F7355AD71BF0F213008FE1F8 /* Project object */ = {
			isa = PBXProject;
			attributes = {
				LastSwiftUpdateCheck = 0710;
				LastUpgradeCheck = 0710;
				ORGANIZATIONNAME = "Philip Bouman";
				TargetAttributes = {
					F7355ADE1BF0F214008FE1F8 = {
						CreatedOnToolsVersion = 7.1;
						DevelopmentTeam = U7S6KCZHY6;
					};
					F7355AF21BF0F214008FE1F8 = {
						CreatedOnToolsVersion = 7.1;
						DevelopmentTeam = U7S6KCZHY6;
						TestTargetID = F7355ADE1BF0F214008FE1F8;
					};
					F7355AFD1BF0F214008FE1F8 = {
						CreatedOnToolsVersion = 7.1;
						DevelopmentTeam = U7S6KCZHY6;
						TestTargetID = F7355ADE1BF0F214008FE1F8;
					};
				};
			};
			buildConfigurationList = F7355ADA1BF0F213008FE1F8 /* Build configuration list for PBXProject "KOTH" */;
			compatibilityVersion = "Xcode 3.2";
			developmentRegion = English;
			hasScannedForEncodings = 0;
			knownRegions = (
				en,
				Base,
			);
			mainGroup = F7355AD61BF0F213008FE1F8;
			productRefGroup = F7355AE01BF0F214008FE1F8 /* Products */;
			projectDirPath = "";
			projectRoot = "";
			targets = (
				F7355ADE1BF0F214008FE1F8 /* KOTH */,
				F7355AF21BF0F214008FE1F8 /* KOTHTests */,
				F7355AFD1BF0F214008FE1F8 /* KOTHUITests */,
			);
		};
/* End PBXProject section */

/* Begin PBXResourcesBuildPhase section */
		F7355ADD1BF0F214008FE1F8 /* Resources */ = {
			isa = PBXResourcesBuildPhase;
			buildActionMask = 2147483647;
			files = (
				F72409EC1BF6C17000C09AAA /* Peggy2.aif in Resources */,
				F72409E61BF6C17000C09AAA /* Boomhauer2.aif in Resources */,
				F7BBB4431BF4F5170080F081 /* Peggy.jpg in Resources */,
				F7BBB4411BF4F3850080F081 /* King Of The Hill.ttf in Resources */,
				F72409EA1BF6C17000C09AAA /* Hank2.aif in Resources */,
				F72409E31BF6C17000C09AAA /* Bobby1.aif in Resources */,
				F72409E91BF6C17000C09AAA /* Hank1.aif in Resources */,
				F7BBB4401BF4F3830080F081 /* King Of The Hill 2.ttf in Resources */,
				F7355AED1BF0F214008FE1F8 /* LaunchScreen.storyboard in Resources */,
				F7355AEA1BF0F214008FE1F8 /* Assets.xcassets in Resources */,
				F7BBB43C1BF4EF660080F081 /* Logo.jpg in Resources */,
				F7355B171BF0F657008FE1F8 /* Bill.jpg in Resources */,
				F72409E81BF6C17000C09AAA /* Dale2.aif in Resources */,
				F73040E21BF61CB400961BD4 /* Main.storyboard in Resources */,
				F7355B131BF0F5A3008FE1F8 /* Hank.png in Resources */,
				F74476811BF6A83B00CA86DF /* Dale.jpg in Resources */,
				F72409E11BF6C17000C09AAA /* Bill1.aif in Resources */,
				F72409E51BF6C17000C09AAA /* Boomhauer1.aif in Resources */,
				F7BBB4461BF4F6050080F081 /* Boomhauer.jpg in Resources */,
				F72409E21BF6C17000C09AAA /* Bill2.aif in Resources */,
				F72409E41BF6C17000C09AAA /* Bobby2.aif in Resources */,
				F7355B121BF0F5A3008FE1F8 /* Bobby.png in Resources */,
				F7BBB43A1BF4EB750080F081 /* background.jpg in Resources */,
				F7355B181BF0F657008FE1F8 /* Cotton.jpg in Resources */,
				F72409E71BF6C17000C09AAA /* Dale1.aif in Resources */,
				F72409EB1BF6C17000C09AAA /* Peggy1.aif in Resources */,
			);
			runOnlyForDeploymentPostprocessing = 0;
		};
		F7355AF11BF0F214008FE1F8 /* Resources */ = {
			isa = PBXResourcesBuildPhase;
			buildActionMask = 2147483647;
			files = (
			);
			runOnlyForDeploymentPostprocessing = 0;
		};
		F7355AFC1BF0F214008FE1F8 /* Resources */ = {
			isa = PBXResourcesBuildPhase;
			buildActionMask = 2147483647;
			files = (
			);
			runOnlyForDeploymentPostprocessing = 0;
		};
/* End PBXResourcesBuildPhase section */

/* Begin PBXSourcesBuildPhase section */
		F7355ADB1BF0F214008FE1F8 /* Sources */ = {
			isa = PBXSourcesBuildPhase;
			buildActionMask = 2147483647;
			files = (
				F73040A41BF60E3E00961BD4 /* SecondViewController.swift in Sources */,
				F7355AE51BF0F214008FE1F8 /* ViewController.swift in Sources */,
				F7355AE31BF0F214008FE1F8 /* AppDelegate.swift in Sources */,
			);
			runOnlyForDeploymentPostprocessing = 0;
		};
		F7355AEF1BF0F214008FE1F8 /* Sources */ = {
			isa = PBXSourcesBuildPhase;
			buildActionMask = 2147483647;
			files = (
				F7355AF81BF0F214008FE1F8 /* KOTHTests.swift in Sources */,
			);
			runOnlyForDeploymentPostprocessing = 0;
		};
		F7355AFA1BF0F214008FE1F8 /* Sources */ = {
			isa = PBXSourcesBuildPhase;
			buildActionMask = 2147483647;
			files = (
				F7355B031BF0F214008FE1F8 /* KOTHUITests.swift in Sources */,
			);
			runOnlyForDeploymentPostprocessing = 0;
		};
/* End PBXSourcesBuildPhase section */

/* Begin PBXTargetDependency section */
		F7355AF51BF0F214008FE1F8 /* PBXTargetDependency */ = {
			isa = PBXTargetDependency;
			target = F7355ADE1BF0F214008FE1F8 /* KOTH */;
			targetProxy = F7355AF41BF0F214008FE1F8 /* PBXContainerItemProxy */;
		};
		F7355B001BF0F214008FE1F8 /* PBXTargetDependency */ = {
			isa = PBXTargetDependency;
			target = F7355ADE1BF0F214008FE1F8 /* KOTH */;
			targetProxy = F7355AFF1BF0F214008FE1F8 /* PBXContainerItemProxy */;
		};
/* End PBXTargetDependency section */

/* Begin PBXVariantGroup section */
		F7355AEB1BF0F214008FE1F8 /* LaunchScreen.storyboard */ = {
			isa = PBXVariantGroup;
			children = (
				F7355AEC1BF0F214008FE1F8 /* Base */,
			);
			name = LaunchScreen.storyboard;
			sourceTree = "<group>";
		};
/* End PBXVariantGroup section */

/* Begin XCBuildConfiguration section */
		F7355B051BF0F214008FE1F8 /* Debug */ = {
			isa = XCBuildConfiguration;
			buildSettings = {
				ALWAYS_SEARCH_USER_PATHS = NO;
				CLANG_CXX_LANGUAGE_STANDARD = "gnu++0x";
				CLANG_CXX_LIBRARY = "libc++";
				CLANG_ENABLE_MODULES = YES;
				CLANG_ENABLE_OBJC_ARC = YES;
				CLANG_WARN_BOOL_CONVERSION = YES;
				CLANG_WARN_CONSTANT_CONVERSION = YES;
				CLANG_WARN_DIRECT_OBJC_ISA_USAGE = YES_ERROR;
				CLANG_WARN_EMPTY_BODY = YES;
				CLANG_WARN_ENUM_CONVERSION = YES;
				CLANG_WARN_INT_CONVERSION = YES;
				CLANG_WARN_OBJC_ROOT_CLASS = YES_ERROR;
				CLANG_WARN_UNREACHABLE_CODE = YES;
				CLANG_WARN__DUPLICATE_METHOD_MATCH = YES;
				"CODE_SIGN_IDENTITY[sdk=iphoneos*]" = "iPhone Developer";
				COPY_PHASE_STRIP = NO;
				DEBUG_INFORMATION_FORMAT = dwarf;
				ENABLE_STRICT_OBJC_MSGSEND = YES;
				ENABLE_TESTABILITY = YES;
				GCC_C_LANGUAGE_STANDARD = gnu99;
				GCC_DYNAMIC_NO_PIC = NO;
				GCC_NO_COMMON_BLOCKS = YES;
				GCC_OPTIMIZATION_LEVEL = 0;
				GCC_PREPROCESSOR_DEFINITIONS = (
					"DEBUG=1",
					"$(inherited)",
				);
				GCC_WARN_64_TO_32_BIT_CONVERSION = YES;
				GCC_WARN_ABOUT_RETURN_TYPE = YES_ERROR;
				GCC_WARN_UNDECLARED_SELECTOR = YES;
				GCC_WARN_UNINITIALIZED_AUTOS = YES_AGGRESSIVE;
				GCC_WARN_UNUSED_FUNCTION = YES;
				GCC_WARN_UNUSED_VARIABLE = YES;
				IPHONEOS_DEPLOYMENT_TARGET = 9.1;
				MTL_ENABLE_DEBUG_INFO = YES;
				ONLY_ACTIVE_ARCH = YES;
				SDKROOT = iphoneos;
				SWIFT_OPTIMIZATION_LEVEL = "-Onone";
				TARGETED_DEVICE_FAMILY = "1,2";
			};
			name = Debug;
		};
		F7355B061BF0F214008FE1F8 /* Release */ = {
			isa = XCBuildConfiguration;
			buildSettings = {
				ALWAYS_SEARCH_USER_PATHS = NO;
				CLANG_CXX_LANGUAGE_STANDARD = "gnu++0x";
				CLANG_CXX_LIBRARY = "libc++";
				CLANG_ENABLE_MODULES = YES;
				CLANG_ENABLE_OBJC_ARC = YES;
				CLANG_WARN_BOOL_CONVERSION = YES;
				CLANG_WARN_CONSTANT_CONVERSION = YES;
				CLANG_WARN_DIRECT_OBJC_ISA_USAGE = YES_ERROR;
				CLANG_WARN_EMPTY_BODY = YES;
				CLANG_WARN_ENUM_CONVERSION = YES;
				CLANG_WARN_INT_CONVERSION = YES;
				CLANG_WARN_OBJC_ROOT_CLASS = YES_ERROR;
				CLANG_WARN_UNREACHABLE_CODE = YES;
				CLANG_WARN__DUPLICATE_METHOD_MATCH = YES;
				"CODE_SIGN_IDENTITY[sdk=iphoneos*]" = "iPhone Developer";
				COPY_PHASE_STRIP = NO;
				DEBUG_INFORMATION_FORMAT = "dwarf-with-dsym";
				ENABLE_NS_ASSERTIONS = NO;
				ENABLE_STRICT_OBJC_MSGSEND = YES;
				GCC_C_LANGUAGE_STANDARD = gnu99;
				GCC_NO_COMMON_BLOCKS = YES;
				GCC_WARN_64_TO_32_BIT_CONVERSION = YES;
				GCC_WARN_ABOUT_RETURN_TYPE = YES_ERROR;
				GCC_WARN_UNDECLARED_SELECTOR = YES;
				GCC_WARN_UNINITIALIZED_AUTOS = YES_AGGRESSIVE;
				GCC_WARN_UNUSED_FUNCTION = YES;
				GCC_WARN_UNUSED_VARIABLE = YES;
				IPHONEOS_DEPLOYMENT_TARGET = 9.1;
				MTL_ENABLE_DEBUG_INFO = NO;
				SDKROOT = iphoneos;
				TARGETED_DEVICE_FAMILY = "1,2";
				VALIDATE_PRODUCT = YES;
			};
			name = Release;
		};
		F7355B081BF0F214008FE1F8 /* Debug */ = {
			isa = XCBuildConfiguration;
			buildSettings = {
				ASSETCATALOG_COMPILER_APPICON_NAME = AppIcon;
				INFOPLIST_FILE = KOTH/Info.plist;
				LD_RUNPATH_SEARCH_PATHS = "$(inherited) @executable_path/Frameworks";
				PRODUCT_BUNDLE_IDENTIFIER = nl.mprog.KOTH;
				PRODUCT_NAME = "$(TARGET_NAME)";
			};
			name = Debug;
		};
		F7355B091BF0F214008FE1F8 /* Release */ = {
			isa = XCBuildConfiguration;
			buildSettings = {
				ASSETCATALOG_COMPILER_APPICON_NAME = AppIcon;
				INFOPLIST_FILE = KOTH/Info.plist;
				LD_RUNPATH_SEARCH_PATHS = "$(inherited) @executable_path/Frameworks";
				PRODUCT_BUNDLE_IDENTIFIER = nl.mprog.KOTH;
				PRODUCT_NAME = "$(TARGET_NAME)";
			};
			name = Release;
		};
		F7355B0B1BF0F214008FE1F8 /* Debug */ = {
			isa = XCBuildConfiguration;
			buildSettings = {
				BUNDLE_LOADER = "$(TEST_HOST)";
				INFOPLIST_FILE = KOTHTests/Info.plist;
				LD_RUNPATH_SEARCH_PATHS = "$(inherited) @executable_path/Frameworks @loader_path/Frameworks";
				PRODUCT_BUNDLE_IDENTIFIER = nl.mprog.KOTHTests;
				PRODUCT_NAME = "$(TARGET_NAME)";
				TEST_HOST = "$(BUILT_PRODUCTS_DIR)/KOTH.app/KOTH";
			};
			name = Debug;
		};
		F7355B0C1BF0F214008FE1F8 /* Release */ = {
			isa = XCBuildConfiguration;
			buildSettings = {
				BUNDLE_LOADER = "$(TEST_HOST)";
				INFOPLIST_FILE = KOTHTests/Info.plist;
				LD_RUNPATH_SEARCH_PATHS = "$(inherited) @executable_path/Frameworks @loader_path/Frameworks";
				PRODUCT_BUNDLE_IDENTIFIER = nl.mprog.KOTHTests;
				PRODUCT_NAME = "$(TARGET_NAME)";
				TEST_HOST = "$(BUILT_PRODUCTS_DIR)/KOTH.app/KOTH";
			};
			name = Release;
		};
		F7355B0E1BF0F214008FE1F8 /* Debug */ = {
			isa = XCBuildConfiguration;
			buildSettings = {
				INFOPLIST_FILE = KOTHUITests/Info.plist;
				LD_RUNPATH_SEARCH_PATHS = "$(inherited) @executable_path/Frameworks @loader_path/Frameworks";
				PRODUCT_BUNDLE_IDENTIFIER = nl.mprog.KOTHUITests;
				PRODUCT_NAME = "$(TARGET_NAME)";
				TEST_TARGET_NAME = KOTH;
				USES_XCTRUNNER = YES;
			};
			name = Debug;
		};
		F7355B0F1BF0F214008FE1F8 /* Release */ = {
			isa = XCBuildConfiguration;
			buildSettings = {
				INFOPLIST_FILE = KOTHUITests/Info.plist;
				LD_RUNPATH_SEARCH_PATHS = "$(inherited) @executable_path/Frameworks @loader_path/Frameworks";
				PRODUCT_BUNDLE_IDENTIFIER = nl.mprog.KOTHUITests;
				PRODUCT_NAME = "$(TARGET_NAME)";
				TEST_TARGET_NAME = KOTH;
				USES_XCTRUNNER = YES;
			};
			name = Release;
		};
/* End XCBuildConfiguration section */

/* Begin XCConfigurationList section */
		F7355ADA1BF0F213008FE1F8 /* Build configuration list for PBXProject "KOTH" */ = {
			isa = XCConfigurationList;
			buildConfigurations = (
				F7355B051BF0F214008FE1F8 /* Debug */,
				F7355B061BF0F214008FE1F8 /* Release */,
			);
			defaultConfigurationIsVisible = 0;
			defaultConfigurationName = Release;
		};
		F7355B071BF0F214008FE1F8 /* Build configuration list for PBXNativeTarget "KOTH" */ = {
			isa = XCConfigurationList;
			buildConfigurations = (
				F7355B081BF0F214008FE1F8 /* Debug */,
				F7355B091BF0F214008FE1F8 /* Release */,
			);
			defaultConfigurationIsVisible = 0;
			defaultConfigurationName = Release;
		};
		F7355B0A1BF0F214008FE1F8 /* Build configuration list for PBXNativeTarget "KOTHTests" */ = {
			isa = XCConfigurationList;
			buildConfigurations = (
				F7355B0B1BF0F214008FE1F8 /* Debug */,
				F7355B0C1BF0F214008FE1F8 /* Release */,
			);
			defaultConfigurationIsVisible = 0;
			defaultConfigurationName = Release;
		};
		F7355B0D1BF0F214008FE1F8 /* Build configuration list for PBXNativeTarget "KOTHUITests" */ = {
			isa = XCConfigurationList;
			buildConfigurations = (
				F7355B0E1BF0F214008FE1F8 /* Debug */,
				F7355B0F1BF0F214008FE1F8 /* Release */,
			);
			defaultConfigurationIsVisible = 0;
			defaultConfigurationName = Release;
		};
/* End XCConfigurationList section */
	};
	rootObject = F7355AD71BF0F213008FE1F8 /* Project object */;
}
